
Microsoft Visual Studio Solution File, Format Version 12.00
# Visual Studio 15
VisualStudioVersion = 15.0.26403.0
MinimumVisualStudioVersion = 10.0.40219.1
Project("{FAE04EC0-301F-11D3-BF4B-00C04F79EFBC}") = "Arbor.ProjectCleanup", "Arbor.ProjectCleanup\Arbor.ProjectCleanup.csproj", "{92BA55CF-55E8-49E6-8549-ABC7F6E67FED}"
EndProject
Project("{2150E333-8FDC-42A3-9474-1A3956D46DE8}") = "Solution Items", "Solution Items", "{BF481653-51E5-4BF7-A6F6-73FCCE3703B2}"
	ProjectSection(SolutionItems) = preProject
		..\.editorconfig = ..\.editorconfig
		..\.gitattributes = ..\.gitattributes
		..\.gitignore = ..\.gitignore
		..\LICENSE.txt = ..\LICENSE.txt
		..\README.md = ..\README.md
		..\version.json = ..\version.json
	EndProjectSection
EndProject
Global
	GlobalSection(SolutionConfigurationPlatforms) = preSolution
		Debug|Any CPU = Debug|Any CPU
		Release|Any CPU = Release|Any CPU
	EndGlobalSection
	GlobalSection(ProjectConfigurationPlatforms) = postSolution
		{92BA55CF-55E8-49E6-8549-ABC7F6E67FED}.Debug|Any CPU.ActiveCfg = Debug|Any CPU
		{92BA55CF-55E8-49E6-8549-ABC7F6E67FED}.Debug|Any CPU.Build.0 = Debug|Any CPU
		{92BA55CF-55E8-49E6-8549-ABC7F6E67FED}.Release|Any CPU.ActiveCfg = Release|Any CPU
		{92BA55CF-55E8-49E6-8549-ABC7F6E67FED}.Release|Any CPU.Build.0 = Release|Any CPU
	EndGlobalSection
	GlobalSection(SolutionProperties) = preSolution
		HideSolutionNode = FALSE
	EndGlobalSection
EndGlobal
